
Microsoft Visual Studio Solution File, Format Version 12.00
# Visual Studio Version 17
VisualStudioVersion = 17.14.37314.3
MinimumVisualStudioVersion = 10.0.40219.1
Project("{FAE04EC0-301F-11D3-BF4B-00C04F79EFBC}") = "InmobiliariaClarita", "InmobiliariaClarita\InmobiliariaClarita.csproj", "{038CB2AB-0F31-47B5-88E0-F37D96C69449}"
EndProject
Project("{2150E333-8FDC-42A3-9474-1A3956D46DE8}") = "Recursos", "Recursos", "{02EA681E-C7D8-13C7-8484-4AC65E1B71E8}"
	ProjectSection(SolutionItems) = preProject
		Recursos\atras.png = Recursos\atras.png
		Recursos\Icono Inmobiliaria Clarita Sin Fondo.ico = Recursos\Icono Inmobiliaria Clarita Sin Fondo.ico
		Recursos\Imagen Inmobiliaria Clarita Sin Fondo.png = Recursos\Imagen Inmobiliaria Clarita Sin Fondo.png
		Recursos\Imagen Inmobiliaria Clarita.png = Recursos\Imagen Inmobiliaria Clarita.png
		Recursos\salir.png = Recursos\salir.png
	EndProjectSection
EndProject
Global
	GlobalSection(SolutionConfigurationPlatforms) = preSolution
		Debug|Any CPU = Debug|Any CPU
		Release|Any CPU = Release|Any CPU
	EndGlobalSection
	GlobalSection(ProjectConfigurationPlatforms) = postSolution
		{038CB2AB-0F31-47B5-88E0-F37D96C69449}.Debug|Any CPU.ActiveCfg = Debug|Any CPU
		{038CB2AB-0F31-47B5-88E0-F37D96C69449}.Debug|Any CPU.Build.0 = Debug|Any CPU
		{038CB2AB-0F31-47B5-88E0-F37D96C69449}.Release|Any CPU.ActiveCfg = Release|Any CPU
		{038CB2AB-0F31-47B5-88E0-F37D96C69449}.Release|Any CPU.Build.0 = Release|Any CPU
	EndGlobalSection
	GlobalSection(SolutionProperties) = preSolution
		HideSolutionNode = FALSE
	EndGlobalSection
	GlobalSection(ExtensibilityGlobals) = postSolution
		SolutionGuid = {0BA3181A-A8EB-48DB-81AA-0F2CB05F1948}
	EndGlobalSection
EndGlobal
